{
  "version": 4,
  "terraform_version": "1.1.4",
  "serial": 129,
  "lineage": "14b17d72-2a2b-721a-8579-be523ceab75b",
  "outputs": {},
  "resources": [
    {
      "module": "module.vm_private",
      "mode": "managed",
      "type": "azurerm_network_interface",
      "name": "example-private",
      "provider": "provider[\"registry.terraform.io/hashicorp/azurerm\"]",
      "instances": [
        {
          "schema_version": 0,
          "attributes": {
            "applied_dns_servers": [],
            "dns_servers": [],
            "enable_accelerated_networking": false,
            "enable_ip_forwarding": false,
            "id": "/subscriptions/19595299-05c4-431f-a771-1ee195d42e54/resourceGroups/ASHERL-US-DEV-rg/providers/Microsoft.Network/networkInterfaces/demo3-nic-private",
            "internal_dns_name_label": "",
            "internal_domain_name_suffix": "5sh0e05pmfeevp1lzsifibcu3b.dx.internal.cloudapp.net",
            "ip_configuration": [
              {
                "gateway_load_balancer_frontend_ip_configuration_id": "",
                "name": "myNICConfiguration-private",
                "primary": true,
                "private_ip_address": "10.0.1.4",
                "private_ip_address_allocation": "Dynamic",
                "private_ip_address_version": "IPv4",
                "public_ip_address_id": "",
                "subnet_id": "/subscriptions/19595299-05c4-431f-a771-1ee195d42e54/resourceGroups/ASHERL-US-DEV-rg/providers/Microsoft.Network/virtualNetworks/asherl-us-dev-vnet/subnets/subnet1"
              }
            ],
            "location": "westus",
            "mac_address": "00-0D-3A-34-6A-61",
            "name": "demo3-nic-private",
            "private_ip_address": "10.0.1.4",
            "private_ip_addresses": [
              "10.0.1.4"
            ],
            "resource_group_name": "ASHERL-US-DEV-rg",
            "tags": {
              "environment": "Terraform Demo"
            },
            "timeouts": null,
            "virtual_machine_id": "/subscriptions/19595299-05c4-431f-a771-1ee195d42e54/resourceGroups/ASHERL-US-DEV-rg/providers/Microsoft.Compute/virtualMachines/myVM-private"
          },
          "sensitive_attributes": [],
          "private": "eyJlMmJmYjczMC1lY2FhLTExZTYtOGY4OC0zNDM2M2JjN2M0YzAiOnsiY3JlYXRlIjoxODAwMDAwMDAwMDAwLCJkZWxldGUiOjE4MDAwMDAwMDAwMDAsInJlYWQiOjMwMDAwMDAwMDAwMCwidXBkYXRlIjoxODAwMDAwMDAwMDAwfX0=",
          "dependencies": [
            "module.vnet.azurerm_network_security_group.example",
            "module.vnet.azurerm_resource_group.example",
            "module.vnet.azurerm_virtual_network.example"
          ]
        }
      ]
    },
    {
      "module": "module.vm_public",
      "mode": "managed",
      "type": "azurerm_public_ip",
      "name": "example",
      "provider": "provider[\"registry.terraform.io/hashicorp/azurerm\"]",
      "instances": [
        {
          "schema_version": 0,
          "attributes": {
            "allocation_method": "Static",
            "availability_zone": "No-Zone",
            "domain_name_label": null,
            "fqdn": null,
            "id": "/subscriptions/19595299-05c4-431f-a771-1ee195d42e54/resourceGroups/ASHERL-US-DEV-rg/providers/Microsoft.Network/publicIPAddresses/demo3-subnet-2-PublicIp",
            "idle_timeout_in_minutes": 4,
            "ip_address": "40.83.177.185",
            "ip_tags": {},
            "ip_version": "IPv4",
            "location": "westus",
            "name": "demo3-subnet-2-PublicIp",
            "public_ip_prefix_id": null,
            "resource_group_name": "ASHERL-US-DEV-rg",
            "reverse_fqdn": null,
            "sku": "Basic",
            "sku_tier": "Regional",
            "tags": {
              "environment": "Production"
            },
            "timeouts": null,
            "zones": []
          },
          "sensitive_attributes": [],
          "private": "eyJlMmJmYjczMC1lY2FhLTExZTYtOGY4OC0zNDM2M2JjN2M0YzAiOnsiY3JlYXRlIjoxODAwMDAwMDAwMDAwLCJkZWxldGUiOjE4MDAwMDAwMDAwMDAsInJlYWQiOjMwMDAwMDAwMDAwMCwidXBkYXRlIjoxODAwMDAwMDAwMDAwfX0="
        }
      ]
    },
    {
      "module": "module.vnet",
      "mode": "managed",
      "type": "azurerm_network_security_group",
      "name": "example",
      "provider": "provider[\"registry.terraform.io/hashicorp/azurerm\"]",
      "instances": [
        {
          "schema_version": 0,
          "attributes": {
            "id": "/subscriptions/19595299-05c4-431f-a771-1ee195d42e54/resourceGroups/ASHERL-US-DEV-rg/providers/Microsoft.Network/networkSecurityGroups/ASHERL-US-DEV-nsg",
            "location": "westus",
            "name": "ASHERL-US-DEV-nsg",
            "resource_group_name": "ASHERL-US-DEV-rg",
            "security_rule": [
              {
                "access": "Allow",
                "description": "",
                "destination_address_prefix": "*",
                "destination_address_prefixes": [],
                "destination_application_security_group_ids": [],
                "destination_port_range": "*",
                "destination_port_ranges": [],
                "direction": "Inbound",
                "name": "SSHPORT",
                "priority": 100,
                "protocol": "*",
                "source_address_prefix": "*",
                "source_address_prefixes": [],
                "source_application_security_group_ids": [],
                "source_port_range": "*",
                "source_port_ranges": []
              }
            ],
            "tags": {},
            "timeouts": null
          },
          "sensitive_attributes": [],
          "private": "eyJlMmJmYjczMC1lY2FhLTExZTYtOGY4OC0zNDM2M2JjN2M0YzAiOnsiY3JlYXRlIjoxODAwMDAwMDAwMDAwLCJkZWxldGUiOjE4MDAwMDAwMDAwMDAsInJlYWQiOjMwMDAwMDAwMDAwMCwidXBkYXRlIjoxODAwMDAwMDAwMDAwfX0=",
          "dependencies": [
            "module.vnet.azurerm_resource_group.example"
          ]
        }
      ]
    },
    {
      "module": "module.vnet",
      "mode": "managed",
      "type": "azurerm_resource_group",
      "name": "example",
      "provider": "provider[\"registry.terraform.io/hashicorp/azurerm\"]",
      "instances": [
        {
          "schema_version": 0,
          "attributes": {
            "id": "/subscriptions/19595299-05c4-431f-a771-1ee195d42e54/resourceGroups/ASHERL-US-DEV-rg",
            "location": "westus",
            "name": "ASHERL-US-DEV-rg",
            "tags": {},
            "timeouts": null
          },
          "sensitive_attributes": [],
          "private": "eyJlMmJmYjczMC1lY2FhLTExZTYtOGY4OC0zNDM2M2JjN2M0YzAiOnsiY3JlYXRlIjo1NDAwMDAwMDAwMDAwLCJkZWxldGUiOjU0MDAwMDAwMDAwMDAsInJlYWQiOjMwMDAwMDAwMDAwMCwidXBkYXRlIjo1NDAwMDAwMDAwMDAwfX0="
        }
      ]
    },
    {
      "module": "module.vnet",
      "mode": "managed",
      "type": "azurerm_virtual_network",
      "name": "example",
      "provider": "provider[\"registry.terraform.io/hashicorp/azurerm\"]",
      "instances": [
        {
          "schema_version": 0,
          "attributes": {
            "address_space": [
              "10.0.0.0/16"
            ],
            "bgp_community": "",
            "ddos_protection_plan": [],
            "dns_servers": [],
            "flow_timeout_in_minutes": 0,
            "guid": "6ba28ffc-61ef-4a48-bf6b-cc90540454e9",
            "id": "/subscriptions/19595299-05c4-431f-a771-1ee195d42e54/resourceGroups/ASHERL-US-DEV-rg/providers/Microsoft.Network/virtualNetworks/asherl-us-dev-vnet",
            "location": "westus",
            "name": "asherl-us-dev-vnet",
            "resource_group_name": "ASHERL-US-DEV-rg",
            "subnet": [
              {
                "address_prefix": "10.0.1.0/24",
                "id": "/subscriptions/19595299-05c4-431f-a771-1ee195d42e54/resourceGroups/ASHERL-US-DEV-rg/providers/Microsoft.Network/virtualNetworks/asherl-us-dev-vnet/subnets/subnet1",
                "name": "subnet1",
                "security_group": ""
              },
              {
                "address_prefix": "10.0.2.0/24",
                "id": "/subscriptions/19595299-05c4-431f-a771-1ee195d42e54/resourceGroups/ASHERL-US-DEV-rg/providers/Microsoft.Network/virtualNetworks/asherl-us-dev-vnet/subnets/subnet2",
                "name": "subnet2",
                "security_group": "/subscriptions/19595299-05c4-431f-a771-1ee195d42e54/resourceGroups/ASHERL-US-DEV-rg/providers/Microsoft.Network/networkSecurityGroups/ASHERL-US-DEV-nsg"
              },
              {
                "address_prefix": "10.0.3.0/24",
                "id": "/subscriptions/19595299-05c4-431f-a771-1ee195d42e54/resourceGroups/ASHERL-US-DEV-rg/providers/Microsoft.Network/virtualNetworks/ASHERL-US-DEV-vnet/subnets/subnet3",
                "name": "subnet3",
                "security_group": "/subscriptions/19595299-05c4-431f-a771-1ee195d42e54/resourceGroups/ASHERL-US-DEV-rg/providers/Microsoft.Network/networkSecurityGroups/ASHERL-US-DEV-nsg"
              },
              {
                "address_prefix": "10.0.4.0/26",
                "id": "/subscriptions/19595299-05c4-431f-a771-1ee195d42e54/resourceGroups/ASHERL-US-DEV-rg/providers/Microsoft.Network/virtualNetworks/asherl-us-dev-vnet/subnets/AzureBastionSubnet",
                "name": "AzureBastionSubnet",
                "security_group": ""
              }
            ],
            "tags": {
              "environment": "Development"
            },
            "timeouts": null,
            "vm_protection_enabled": false
          },
          "sensitive_attributes": [],
          "private": "eyJlMmJmYjczMC1lY2FhLTExZTYtOGY4OC0zNDM2M2JjN2M0YzAiOnsiY3JlYXRlIjoxODAwMDAwMDAwMDAwLCJkZWxldGUiOjE4MDAwMDAwMDAwMDAsInJlYWQiOjMwMDAwMDAwMDAwMCwidXBkYXRlIjoxODAwMDAwMDAwMDAwfX0=",
          "dependencies": [
            "module.vnet.azurerm_network_security_group.example",
            "module.vnet.azurerm_resource_group.example"
          ]
        }
      ]
    }
  ]
}
